// !$*UTF8*$!
{
	archiveVersion = 1;
	classes = {
	};
	objectVersion = 46;
	objects = {

/* Begin PBXBuildFile section */
		E6F3D93D158A7FA900BF931D /* UIKit.framework in Frameworks */ = {isa = PBXBuildFile; fileRef = E6F3D93C158A7FA900BF931D /* UIKit.framework */; };
		E6F3D93F158A7FA900BF931D /* Foundation.framework in Frameworks */ = {isa = PBXBuildFile; fileRef = E6F3D93E158A7FA900BF931D /* Foundation.framework */; };
		E6F3D941158A7FA900BF931D /* CoreGraphics.framework in Frameworks */ = {isa = PBXBuildFile; fileRef = E6F3D940158A7FA900BF931D /* CoreGraphics.framework */; };
		E6F3D947158A7FA900BF931D /* InfoPlist.strings in Resources */ = {isa = PBXBuildFile; fileRef = E6F3D945158A7FA900BF931D /* InfoPlist.strings */; };
		E6F3D949158A7FA900BF931D /* main.m in Sources */ = {isa = PBXBuildFile; fileRef = E6F3D948158A7FA900BF931D /* main.m */; };
		E6F3D94D158A7FA900BF931D /* AppDelegate.m in Sources */ = {isa = PBXBuildFile; fileRef = E6F3D94C158A7FA900BF931D /* AppDelegate.m */; };
		E6F3D950158A7FA900BF931D /* ViewController.m in Sources */ = {isa = PBXBuildFile; fileRef = E6F3D94F158A7FA900BF931D /* ViewController.m */; };
		E6F3D953158A7FA900BF931D /* ViewController.xib in Resources */ = {isa = PBXBuildFile; fileRef = E6F3D951158A7FA900BF931D /* ViewController.xib */; };
/* End PBXBuildFile section */

/* Begin PBXFileReference section */
		E6F3D938158A7FA900BF931D /* TestGitAgain.app */ = {isa = PBXFileReference; explicitFileType = wrapper.application; includeInIndex = 0; path = TestGitAgain.app; sourceTree = BUILT_PRODUCTS_DIR; };
		E6F3D93C158A7FA900BF931D /* UIKit.framework */ = {isa = PBXFileReference; lastKnownFileType = wrapper.framework; name = UIKit.framework; path = System/Library/Frameworks/UIKit.framework; sourceTree = SDKROOT; };
		E6F3D93E158A7FA900BF931D /* Foundation.framework */ = {isa = PBXFileReference; lastKnownFileType = wrapper.framework; name = Foundation.framework; path = System/Library/Frameworks/Foundation.framework; sourceTree = SDKROOT; };
		E6F3D940158A7FA900BF931D /* CoreGraphics.framework */ = {isa = PBXFileReference; lastKnownFileType = wrapper.framework; name = CoreGraphics.framework; path = System/Library/Frameworks/CoreGraphics.framework; sourceTree = SDKROOT; };
		E6F3D944158A7FA900BF931D /* TestGitAgain-Info.plist */ = {isa = PBXFileReference; lastKnownFileType = text.plist.xml; path = "TestGitAgain-Info.plist"; sourceTree = "<group>"; };
		E6F3D946158A7FA900BF931D /* en */ = {isa = PBXFileReference; lastKnownFileType = text.plist.strings; name = en; path = en.lproj/InfoPlist.strings; sourceTree = "<group>"; };
		E6F3D948158A7FA900BF931D /* main.m */ = {isa = PBXFileReference; lastKnownFileType = sourcecode.c.objc; path = main.m; sourceTree = "<group>"; };
		E6F3D94A158A7FA900BF931D /* TestGitAgain-Prefix.pch */ = {isa = PBXFileReference; lastKnownFileType = sourcecode.c.h; path = "TestGitAgain-Prefix.pch"; sourceTree = "<group>"; };
		E6F3D94B158A7FA900BF931D /* AppDelegate.h */ = {isa = PBXFileReference; lastKnownFileType = sourcecode.c.h; path = AppDelegate.h; sourceTree = "<group>"; };
		E6F3D94C158A7FA900BF931D /* AppDelegate.m */ = {isa = PBXFileReference; lastKnownFileType = sourcecode.c.objc; path = AppDelegate.m; sourceTree = "<group>"; };
		E6F3D94E158A7FA900BF931D /* ViewController.h */ = {isa = PBXFileReference; lastKnownFileType = sourcecode.c.h; path = ViewController.h; sourceTree = "<group>"; };
		E6F3D94F158A7FA900BF931D /* ViewController.m */ = {isa = PBXFileReference; lastKnownFileType = sourcecode.c.objc; path = ViewController.m; sourceTree = "<group>"; };
		E6F3D952158A7FA900BF931D /* en */ = {isa = PBXFileReference; lastKnownFileType = file.xib; name = en; path = en.lproj/ViewController.xib; sourceTree = "<group>"; };
/* End PBXFileReference section */

/* Begin PBXFrameworksBuildPhase section */
		E6F3D935158A7FA900BF931D /* Frameworks */ = {
			isa = PBXFrameworksBuildPhase;
			buildActionMask = 2147483647;
			files = (
				E6F3D93D158A7FA900BF931D /* UIKit.framework in Frameworks */,
				E6F3D93F158A7FA900BF931D /* Foundation.framework in Frameworks */,
				E6F3D941158A7FA900BF931D /* CoreGraphics.framework in Frameworks */,
			);
			runOnlyForDeploymentPostprocessing = 0;
		};
/* End PBXFrameworksBuildPhase section */

/* Begin PBXGroup section */
		E6F3D92D158A7FA900BF931D = {
			isa = PBXGroup;
			children = (
				E6F3D942158A7FA900BF931D /* TestGitAgain */,
				E6F3D93B158A7FA900BF931D /* Frameworks */,
				E6F3D939158A7FA900BF931D /* Products */,
			);
			sourceTree = "<group>";
		};
		E6F3D939158A7FA900BF931D /* Products */ = {
			isa = PBXGroup;
			children = (
				E6F3D938158A7FA900BF931D /* TestGitAgain.app */,
			);
			name = Products;
			sourceTree = "<group>";
		};
		E6F3D93B158A7FA900BF931D /* Frameworks */ = {
			isa = PBXGroup;
			children = (
				E6F3D93C158A7FA900BF931D /* UIKit.framework */,
				E6F3D93E158A7FA900BF931D /* Foundation.framework */,
				E6F3D940158A7FA900BF931D /* CoreGraphics.framework */,
			);
			name = Frameworks;
			sourceTree = "<group>";
		};
		E6F3D942158A7FA900BF931D /* TestGitAgain */ = {
			isa = PBXGroup;
			children = (
				E6F3D94B158A7FA900BF931D /* AppDelegate.h */,
				E6F3D94C158A7FA900BF931D /* AppDelegate.m */,
				E6F3D94E158A7FA900BF931D /* ViewController.h */,
				E6F3D94F158A7FA900BF931D /* ViewController.m */,
				E6F3D951158A7FA900BF931D /* ViewController.xib */,
				E6F3D943158A7FA900BF931D /* Supporting Files */,
			);
			path = TestGitAgain;
			sourceTree = "<group>";
		};
		E6F3D943158A7FA900BF931D /* Supporting Files */ = {
			isa = PBXGroup;
			children = (
				E6F3D944158A7FA900BF931D /* TestGitAgain-Info.plist */,
				E6F3D945158A7FA900BF931D /* InfoPlist.strings */,
				E6F3D948158A7FA900BF931D /* main.m */,
				E6F3D94A158A7FA900BF931D /* TestGitAgain-Prefix.pch */,
			);
			name = "Supporting Files";
			sourceTree = "<group>";
		};
/* End PBXGroup section */

/* Begin PBXNativeTarget section */
		E6F3D937158A7FA900BF931D /* TestGitAgain */ = {
			isa = PBXNativeTarget;
			buildConfigurationList = E6F3D956158A7FA900BF931D /* Build configuration list for PBXNativeTarget "TestGitAgain" */;
			buildPhases = (
				E6F3D934158A7FA900BF931D /* Sources */,
				E6F3D935158A7FA900BF931D /* Frameworks */,
				E6F3D936158A7FA900BF931D /* Resources */,
			);
			buildRules = (
			);
			dependencies = (
			);
			name = TestGitAgain;
			productName = TestGitAgain;
			productReference = E6F3D938158A7FA900BF931D /* TestGitAgain.app */;
			productType = "com.apple.product-type.application";
		};
/* End PBXNativeTarget section */

/* Begin PBXProject section */
		E6F3D92F158A7FA900BF931D /* Project object */ = {
			isa = PBXProject;
			attributes = {
				LastUpgradeCheck = 0450;
				ORGANIZATIONNAME = "Vlad Toader";
			};
			buildConfigurationList = E6F3D932158A7FA900BF931D /* Build configuration list for PBXProject "TestGitAgain" */;
			compatibilityVersion = "Xcode 3.2";
			developmentRegion = English;
			hasScannedForEncodings = 0;
			knownRegions = (
				en,
			);
			mainGroup = E6F3D92D158A7FA900BF931D;
			productRefGroup = E6F3D939158A7FA900BF931D /* Products */;
			projectDirPath = "";
			projectRoot = "";
			targets = (
				E6F3D937158A7FA900BF931D /* TestGitAgain */,
			);
		};
/* End PBXProject section */

/* Begin PBXResourcesBuildPhase section */
		E6F3D936158A7FA900BF931D /* Resources */ = {
			isa = PBXResourcesBuildPhase;
			buildActionMask = 2147483647;
			files = (
				E6F3D947158A7FA900BF931D /* InfoPlist.strings in Resources */,
				E6F3D953158A7FA900BF931D /* ViewController.xib in Resources */,
			);
			runOnlyForDeploymentPostprocessing = 0;
		};
/* End PBXResourcesBuildPhase section */

/* Begin PBXSourcesBuildPhase section */
		E6F3D934158A7FA900BF931D /* Sources */ = {
			isa = PBXSourcesBuildPhase;
			buildActionMask = 2147483647;
			files = (
				E6F3D949158A7FA900BF931D /* main.m in Sources */,
				E6F3D94D158A7FA900BF931D /* AppDelegate.m in Sources */,
				E6F3D950158A7FA900BF931D /* ViewController.m in Sources */,
			);
			runOnlyForDeploymentPostprocessing = 0;
		};
/* End PBXSourcesBuildPhase section */

/* Begin PBXVariantGroup section */
		E6F3D945158A7FA900BF931D /* InfoPlist.strings */ = {
			isa = PBXVariantGroup;
			children = (
				E6F3D946158A7FA900BF931D /* en */,
			);
			name = InfoPlist.strings;
			sourceTree = "<group>";
		};
		E6F3D951158A7FA900BF931D /* ViewController.xib */ = {
			isa = PBXVariantGroup;
			children = (
				E6F3D952158A7FA900BF931D /* en */,
			);
			name = ViewController.xib;
			sourceTree = "<group>";
		};
/* End PBXVariantGroup section */

/* Begin XCBuildConfiguration section */
		E6F3D954158A7FA900BF931D /* Debug */ = {
			isa = XCBuildConfiguration;
			buildSettings = {
				ALWAYS_SEARCH_USER_PATHS = NO;
				CLANG_CXX_LANGUAGE_STANDARD = "gnu++0x";
				CLANG_ENABLE_OBJC_ARC = YES;
				CLANG_WARN__DUPLICATE_METHOD_MATCH = YES;
				"CODE_SIGN_IDENTITY[sdk=iphoneos*]" = "iPhone Developer";
				COPY_PHASE_STRIP = NO;
				GCC_C_LANGUAGE_STANDARD = gnu99;
				GCC_DYNAMIC_NO_PIC = NO;
				GCC_OPTIMIZATION_LEVEL = 0;
				GCC_PREPROCESSOR_DEFINITIONS = (
					"DEBUG=1",
					"$(inherited)",
				);
				GCC_SYMBOLS_PRIVATE_EXTERN = NO;
				GCC_WARN_ABOUT_RETURN_TYPE = YES;
				GCC_WARN_UNINITIALIZED_AUTOS = YES;
				GCC_WARN_UNUSED_VARIABLE = YES;
				IPHONEOS_DEPLOYMENT_TARGET = 6.0;
				SDKROOT = iphoneos;
			};
			name = Debug;
		};
		E6F3D955158A7FA900BF931D /* Release */ = {
			isa = XCBuildConfiguration;
			buildSettings = {
				ALWAYS_SEARCH_USER_PATHS = NO;
				CLANG_CXX_LANGUAGE_STANDARD = "gnu++0x";
				CLANG_ENABLE_OBJC_ARC = YES;
				CLANG_WARN__DUPLICATE_METHOD_MATCH = YES;
				"CODE_SIGN_IDENTITY[sdk=iphoneos*]" = "iPhone Developer";
				COPY_PHASE_STRIP = YES;
				GCC_C_LANGUAGE_STANDARD = gnu99;
				GCC_WARN_ABOUT_RETURN_TYPE = YES;
				GCC_WARN_UNINITIALIZED_AUTOS = YES;
				GCC_WARN_UNUSED_VARIABLE = YES;
				IPHONEOS_DEPLOYMENT_TARGET = 6.0;
				OTHER_CFLAGS = "-DNS_BLOCK_ASSERTIONS=1";
				SDKROOT = iphoneos;
				VALIDATE_PRODUCT = YES;
			};
			name = Release;
		};
		E6F3D957158A7FA900BF931D /* Debug */ = {
			isa = XCBuildConfiguration;
			buildSettings = {
				GCC_PRECOMPILE_PREFIX_HEADER = YES;
				GCC_PREFIX_HEADER = "TestGitAgain/TestGitAgain-Prefix.pch";
				INFOPLIST_FILE = "TestGitAgain/TestGitAgain-Info.plist";
				PRODUCT_NAME = "$(TARGET_NAME)";
				WRAPPER_EXTENSION = app;
			};
			name = Debug;
		};
		E6F3D958158A7FA900BF931D /* Release */ = {
			isa = XCBuildConfiguration;
			buildSettings = {
				GCC_PRECOMPILE_PREFIX_HEADER = YES;
				GCC_PREFIX_HEADER = "TestGitAgain/TestGitAgain-Prefix.pch";
				INFOPLIST_FILE = "TestGitAgain/TestGitAgain-Info.plist";
				PRODUCT_NAME = "$(TARGET_NAME)";
				WRAPPER_EXTENSION = app;
			};
			name = Release;
		};
/* End XCBuildConfiguration section */

/* Begin XCConfigurationList section */
		E6F3D932158A7FA900BF931D /* Build configuration list for PBXProject "TestGitAgain" */ = {
			isa = XCConfigurationList;
			buildConfigurations = (
				E6F3D954158A7FA900BF931D /* Debug */,
				E6F3D955158A7FA900BF931D /* Release */,
			);
			defaultConfigurationIsVisible = 0;
			defaultConfigurationName = Release;
		};
		E6F3D956158A7FA900BF931D /* Build configuration list for PBXNativeTarget "TestGitAgain" */ = {
			isa = XCConfigurationList;
			buildConfigurations = (
				E6F3D957158A7FA900BF931D /* Debug */,
				E6F3D958158A7FA900BF931D /* Release */,
			);
			defaultConfigurationIsVisible = 0;
		};
/* End XCConfigurationList section */
	};
	rootObject = E6F3D92F158A7FA900BF931D /* Project object */;
}
